
Microsoft Visual Studio Solution File, Format Version 12.00
# Visual Studio Version 16
VisualStudioVersion = 16.0.31205.134
MinimumVisualStudioVersion = 10.0.40219.1
Project("{FAE04EC0-301F-11D3-BF4B-00C04F79EFBC}") = "Brewsic", "Brewsic.csproj", "{0508927B-5633-42C8-B718-2A153DC3D6DF}"
EndProject
Global
	GlobalSection(SolutionConfigurationPlatforms) = preSolution
		Debug|Any CPU = Debug|Any CPU
		Release|Any CPU = Release|Any CPU
	EndGlobalSection
	GlobalSection(ProjectConfigurationPlatforms) = postSolution
		{0508927B-5633-42C8-B718-2A153DC3D6DF}.Debug|Any CPU.ActiveCfg = Debug|Any CPU
		{0508927B-5633-42C8-B718-2A153DC3D6DF}.Debug|Any CPU.Build.0 = Debug|Any CPU
		{0508927B-5633-42C8-B718-2A153DC3D6DF}.Release|Any CPU.ActiveCfg = Release|Any CPU
		{0508927B-5633-42C8-B718-2A153DC3D6DF}.Release|Any CPU.Build.0 = Release|Any CPU
	EndGlobalSection
	GlobalSection(SolutionProperties) = preSolution
		HideSolutionNode = FALSE
	EndGlobalSection
	GlobalSection(ExtensibilityGlobals) = postSolution
		SolutionGuid = {54078A46-8C63-4BBD-942E-8A3311FB5267}
	EndGlobalSection
EndGlobal
